{
  "name": "ninjaterm",
  "version": "3.0.1",
  "lockfileVersion": 2,
  "requires": true,
  "packages": {
    "": {
      "name": "ninjaterm",
      "version": "3.0.1",
      "hasInstallScript": true,
      "license": "MIT",
      "dependencies": {
        "serialport": "^11.0.1"
      }
    },
    "node_modules/@serialport/binding-mock": {
      "version": "10.2.2",
      "resolved": "https://registry.npmjs.org/@serialport/binding-mock/-/binding-mock-10.2.2.tgz",
      "integrity": "sha512-HAFzGhk9OuFMpuor7aT5G1ChPgn5qSsklTFOTUX72Rl6p0xwcSVsRtG/xaGp6bxpN7fI9D/S8THLBWbBgS6ldw==",
      "dependencies": {
        "@serialport/bindings-interface": "^1.2.1",
        "debug": "^4.3.3"
      },
      "engines": {
        "node": ">=12.0.0"
      }
    },
    "node_modules/@serialport/bindings-cpp": {
      "version": "11.0.3",
      "resolved": "https://registry.npmjs.org/@serialport/bindings-cpp/-/bindings-cpp-11.0.3.tgz",
      "integrity": "sha512-xgNDJ7pHHZCJMoDsEH+D8q5CV+V3RGN4/jLEG9SQ7q6kh+o03axV0l/upPHZ0HW4tTXpGgqPIGbXOTrD4RGQQA==",
      "hasInstallScript": true,
      "dependencies": {
        "@serialport/bindings-interface": "1.2.2",
        "@serialport/parser-readline": "11.0.0",
        "debug": "4.3.4",
        "node-addon-api": "6.1.0",
        "node-gyp-build": "4.6.0"
      },
      "engines": {
        "node": ">=14.0.0"
      },
      "funding": {
        "url": "https://opencollective.com/serialport/donate"
      }
    },
    "node_modules/@serialport/bindings-cpp/node_modules/@serialport/parser-delimiter": {
      "version": "11.0.0",
      "resolved": "https://registry.npmjs.org/@serialport/parser-delimiter/-/parser-delimiter-11.0.0.tgz",
      "integrity": "sha512-aZLJhlRTjSmEwllLG7S4J8s8ctRAS0cbvCpO87smLvl3e4BgzbVgF6Z6zaJd3Aji2uSiYgfedCdNc4L6W+1E2g==",
      "engines": {
        "node": ">=12.0.0"
      },
      "funding": {
        "url": "https://opencollective.com/serialport/donate"
      }
    },
    "node_modules/@serialport/bindings-cpp/node_modules/@serialport/parser-readline": {
      "version": "11.0.0",
      "resolved": "https://registry.npmjs.org/@serialport/parser-readline/-/parser-readline-11.0.0.tgz",
      "integrity": "sha512-rRAivhRkT3YO28WjmmG4FQX6L+KMb5/ikhyylRfzWPw0nSXy97+u07peS9CbHqaNvJkMhH1locp2H36aGMOEIA==",
      "dependencies": {
        "@serialport/parser-delimiter": "11.0.0"
      },
      "engines": {
        "node": ">=12.0.0"
      },
      "funding": {
        "url": "https://opencollective.com/serialport/donate"
      }
    },
    "node_modules/@serialport/bindings-interface": {
      "version": "1.2.2",
      "resolved": "https://registry.npmjs.org/@serialport/bindings-interface/-/bindings-interface-1.2.2.tgz",
      "integrity": "sha512-CJaUd5bLvtM9c5dmO9rPBHPXTa9R2UwpkJ0wdh9JCYcbrPWsKz+ErvR0hBLeo7NPeiFdjFO4sonRljiw4d2XiA==",
      "engines": {
        "node": "^12.22 || ^14.13 || >=16"
      }
    },
    "node_modules/@serialport/parser-byte-length": {
      "version": "11.0.1",
      "resolved": "https://registry.npmjs.org/@serialport/parser-byte-length/-/parser-byte-length-11.0.1.tgz",
      "integrity": "sha512-UsffR5b3NHwhjJzsWv5fZMkoq3wGNyUcRTA9jlu02w+2kMlBRJPzlPVB5szVX0VWUEqkCg+3VaU2XWuYr+uAUA==",
      "engines": {
        "node": ">=12.0.0"
      },
      "funding": {
        "url": "https://opencollective.com/serialport/donate"
      }
    },
    "node_modules/@serialport/parser-cctalk": {
      "version": "11.0.1",
      "resolved": "https://registry.npmjs.org/@serialport/parser-cctalk/-/parser-cctalk-11.0.1.tgz",
      "integrity": "sha512-klzVQfRcC1m0SVDV2Dy9hHfwweO2/mUMUyuXK04FRkKHy5/AdETmk9KTVVVVfpDCSysvHoyQPwiDFq8ddwX3cQ==",
      "engines": {
        "node": ">=12.0.0"
      },
      "funding": {
        "url": "https://opencollective.com/serialport/donate"
      }
    },
    "node_modules/@serialport/parser-delimiter": {
      "version": "11.0.1",
      "resolved": "https://registry.npmjs.org/@serialport/parser-delimiter/-/parser-delimiter-11.0.1.tgz",
      "integrity": "sha512-NAsYa3OFt2xEnj/+0BRkQP2qkRNbXBPEq6uFJEdNdzcTSF+BTRXkoIRrWBq3N6koovPqW6lnbxc/iJYe5AX/2Q==",
      "engines": {
        "node": ">=12.0.0"
      },
      "funding": {
        "url": "https://opencollective.com/serialport/donate"
      }
    },
    "node_modules/@serialport/parser-inter-byte-timeout": {
      "version": "11.0.1",
      "resolved": "https://registry.npmjs.org/@serialport/parser-inter-byte-timeout/-/parser-inter-byte-timeout-11.0.1.tgz",
      "integrity": "sha512-PEFV9dSpW+ptH1rLhdB9KgE+rbJ/FvQiZz0mx+4jkv/Po4g3PNsEEMXfMW0aQVSFVsmitvmE0jHlhGjLv8GQEg==",
      "engines": {
        "node": ">=12.0.0"
      },
      "funding": {
        "url": "https://opencollective.com/serialport/donate"
      }
    },
    "node_modules/@serialport/parser-packet-length": {
      "version": "11.0.1",
      "resolved": "https://registry.npmjs.org/@serialport/parser-packet-length/-/parser-packet-length-11.0.1.tgz",
      "integrity": "sha512-KwPu8dsAI+eN4fnUS1vVmrOpUtBK4p9L9cHhwn5ZmfcvwvZMHp/J+IEu7xH0g5aM1/8QEoaql26BQP+sZ71NQQ==",
      "engines": {
        "node": ">=8.6.0"
      }
    },
    "node_modules/@serialport/parser-readline": {
      "version": "11.0.1",
      "resolved": "https://registry.npmjs.org/@serialport/parser-readline/-/parser-readline-11.0.1.tgz",
      "integrity": "sha512-wkJ3EI733+yhbi7eBWzs/qn8+cfIBcYQjfrILPNqslAy6VlgdKw+pHoblDFmg78GN0TqGUDSWlTJ65oLEPVp5Q==",
      "dependencies": {
        "@serialport/parser-delimiter": "11.0.1"
      },
      "engines": {
        "node": ">=12.0.0"
      },
      "funding": {
        "url": "https://opencollective.com/serialport/donate"
      }
    },
    "node_modules/@serialport/parser-ready": {
      "version": "11.0.1",
      "resolved": "https://registry.npmjs.org/@serialport/parser-ready/-/parser-ready-11.0.1.tgz",
      "integrity": "sha512-v/bvlgKhrNt+SVLSqlfXCO1HEinfRRMGnzqbpdVCgu2SiWIEenCLjs51JisKVYQoQFcXdP/EHZnzm7NPXHDlAg==",
      "engines": {
        "node": ">=12.0.0"
      },
      "funding": {
        "url": "https://opencollective.com/serialport/donate"
      }
    },
    "node_modules/@serialport/parser-regex": {
      "version": "11.0.1",
      "resolved": "https://registry.npmjs.org/@serialport/parser-regex/-/parser-regex-11.0.1.tgz",
      "integrity": "sha512-Lf3k7qibYqZ0+/wX3UA8fRng3WtQ+UyLpjQhG1COs6OBSq5/I5tYXczfhlrbA0gHo1qzgzr2V2t7m6FoBSc81Q==",
      "engines": {
        "node": ">=12.0.0"
      },
      "funding": {
        "url": "https://opencollective.com/serialport/donate"
      }
    },
    "node_modules/@serialport/parser-slip-encoder": {
      "version": "11.0.1",
      "resolved": "https://registry.npmjs.org/@serialport/parser-slip-encoder/-/parser-slip-encoder-11.0.1.tgz",
      "integrity": "sha512-l4mXsAGzpmPO7+uqKJqtPDW643irfnGEWbiy34FoYvuOs8n0SmiMtgQZFAtvlTNQCRWE2tykF/WG6K/McJthDw==",
      "engines": {
        "node": ">=12.0.0"
      },
      "funding": {
        "url": "https://opencollective.com/serialport/donate"
      }
    },
    "node_modules/@serialport/parser-spacepacket": {
      "version": "11.0.1",
      "resolved": "https://registry.npmjs.org/@serialport/parser-spacepacket/-/parser-spacepacket-11.0.1.tgz",
      "integrity": "sha512-Lq7fXoOsLOMo4XEt9HB31zV5LhrteXlsOy2o6r39TfRwU6x8Nou9jQMA9vW0a6yPra5zwsHIaNrA6tDOGj2Ozg==",
      "engines": {
        "node": ">=12.0.0"
      },
      "funding": {
        "url": "https://opencollective.com/serialport/donate"
      }
    },
    "node_modules/@serialport/stream": {
      "version": "11.0.1",
      "resolved": "https://registry.npmjs.org/@serialport/stream/-/stream-11.0.1.tgz",
      "integrity": "sha512-6pjyKRg8MQuvhGfg36+PF7K5eGNQcEswCSiAg1UPilqqFS8X1QnaiSCn5UFp/hCN+pAtlFjkOi0ztvtmSI7n4g==",
      "dependencies": {
        "@serialport/bindings-interface": "1.2.2",
        "debug": "4.3.4"
      },
      "engines": {
        "node": ">=12.0.0"
      },
      "funding": {
        "url": "https://opencollective.com/serialport/donate"
      }
    },
    "node_modules/debug": {
      "version": "4.3.4",
      "resolved": "https://registry.npmjs.org/debug/-/debug-4.3.4.tgz",
      "integrity": "sha512-PRWFHuSU3eDtQJPvnNY7Jcket1j0t5OuOsFzPPzsekD52Zl8qUfFIPEiswXqIvHWGVHOgX+7G/vCNNhehwxfkQ==",
      "dependencies": {
        "ms": "2.1.2"
      },
      "engines": {
        "node": ">=6.0"
      },
      "peerDependenciesMeta": {
        "supports-color": {
          "optional": true
        }
      }
    },
    "node_modules/ms": {
      "version": "2.1.2",
      "resolved": "https://registry.npmjs.org/ms/-/ms-2.1.2.tgz",
      "integrity": "sha512-sGkPx+VjMtmA6MX27oA4FBFELFCZZ4S4XqeGOXCv68tT+jb3vk/RyaKWP0PTKyWtmLSM0b+adUTEvbs1PEaH2w=="
    },
    "node_modules/node-addon-api": {
      "version": "6.1.0",
      "resolved": "https://registry.npmjs.org/node-addon-api/-/node-addon-api-6.1.0.tgz",
      "integrity": "sha512-+eawOlIgy680F0kBzPUNFhMZGtJ1YmqM6l4+Crf4IkImjYrO/mqPwRMh352g23uIaQKFItcQ64I7KMaJxHgAVA=="
    },
    "node_modules/node-gyp-build": {
      "version": "4.6.0",
      "resolved": "https://registry.npmjs.org/node-gyp-build/-/node-gyp-build-4.6.0.tgz",
      "integrity": "sha512-NTZVKn9IylLwUzaKjkas1e4u2DLNcV4rdYagA4PWdPwW87Bi7z+BznyKSRwS/761tV/lzCGXplWsiaMjLqP2zQ==",
      "bin": {
        "node-gyp-build": "bin.js",
        "node-gyp-build-optional": "optional.js",
        "node-gyp-build-test": "build-test.js"
      }
    },
    "node_modules/serialport": {
      "version": "11.0.1",
      "resolved": "https://registry.npmjs.org/serialport/-/serialport-11.0.1.tgz",
      "integrity": "sha512-j/ntDuewAkqL6g5wKjwV2RTyLBL9cpob8aRd3yLAViYApTsJoYqRleyuzst0OboNTBjBsoxQ4YKYhuYHi1XViQ==",
      "dependencies": {
        "@serialport/binding-mock": "10.2.2",
        "@serialport/bindings-cpp": "11.0.3",
        "@serialport/parser-byte-length": "11.0.1",
        "@serialport/parser-cctalk": "11.0.1",
        "@serialport/parser-delimiter": "11.0.1",
        "@serialport/parser-inter-byte-timeout": "11.0.1",
        "@serialport/parser-packet-length": "11.0.1",
        "@serialport/parser-readline": "11.0.1",
        "@serialport/parser-ready": "11.0.1",
        "@serialport/parser-regex": "11.0.1",
        "@serialport/parser-slip-encoder": "11.0.1",
        "@serialport/parser-spacepacket": "11.0.1",
        "@serialport/stream": "11.0.1",
        "debug": "4.3.4"
      },
      "engines": {
        "node": ">=12.0.0"
      },
      "funding": {
        "url": "https://opencollective.com/serialport/donate"
      }
    }
  },
  "dependencies": {
    "@serialport/binding-mock": {
      "version": "10.2.2",
      "resolved": "https://registry.npmjs.org/@serialport/binding-mock/-/binding-mock-10.2.2.tgz",
      "integrity": "sha512-HAFzGhk9OuFMpuor7aT5G1ChPgn5qSsklTFOTUX72Rl6p0xwcSVsRtG/xaGp6bxpN7fI9D/S8THLBWbBgS6ldw==",
      "requires": {
        "@serialport/bindings-interface": "^1.2.1",
        "debug": "^4.3.3"
      }
    },
    "@serialport/bindings-cpp": {
      "version": "11.0.3",
      "resolved": "https://registry.npmjs.org/@serialport/bindings-cpp/-/bindings-cpp-11.0.3.tgz",
      "integrity": "sha512-xgNDJ7pHHZCJMoDsEH+D8q5CV+V3RGN4/jLEG9SQ7q6kh+o03axV0l/upPHZ0HW4tTXpGgqPIGbXOTrD4RGQQA==",
      "requires": {
        "@serialport/bindings-interface": "1.2.2",
        "@serialport/parser-readline": "11.0.0",
        "debug": "4.3.4",
        "node-addon-api": "6.1.0",
        "node-gyp-build": "4.6.0"
      },
      "dependencies": {
        "@serialport/parser-delimiter": {
          "version": "11.0.0",
          "resolved": "https://registry.npmjs.org/@serialport/parser-delimiter/-/parser-delimiter-11.0.0.tgz",
          "integrity": "sha512-aZLJhlRTjSmEwllLG7S4J8s8ctRAS0cbvCpO87smLvl3e4BgzbVgF6Z6zaJd3Aji2uSiYgfedCdNc4L6W+1E2g=="
        },
        "@serialport/parser-readline": {
          "version": "11.0.0",
          "resolved": "https://registry.npmjs.org/@serialport/parser-readline/-/parser-readline-11.0.0.tgz",
          "integrity": "sha512-rRAivhRkT3YO28WjmmG4FQX6L+KMb5/ikhyylRfzWPw0nSXy97+u07peS9CbHqaNvJkMhH1locp2H36aGMOEIA==",
          "requires": {
            "@serialport/parser-delimiter": "11.0.0"
          }
        }
      }
    },
    "@serialport/bindings-interface": {
      "version": "1.2.2",
      "resolved": "https://registry.npmjs.org/@serialport/bindings-interface/-/bindings-interface-1.2.2.tgz",
      "integrity": "sha512-CJaUd5bLvtM9c5dmO9rPBHPXTa9R2UwpkJ0wdh9JCYcbrPWsKz+ErvR0hBLeo7NPeiFdjFO4sonRljiw4d2XiA=="
    },
    "@serialport/parser-byte-length": {
      "version": "11.0.1",
      "resolved": "https://registry.npmjs.org/@serialport/parser-byte-length/-/parser-byte-length-11.0.1.tgz",
      "integrity": "sha512-UsffR5b3NHwhjJzsWv5fZMkoq3wGNyUcRTA9jlu02w+2kMlBRJPzlPVB5szVX0VWUEqkCg+3VaU2XWuYr+uAUA=="
    },
    "@serialport/parser-cctalk": {
      "version": "11.0.1",
      "resolved": "https://registry.npmjs.org/@serialport/parser-cctalk/-/parser-cctalk-11.0.1.tgz",
      "integrity": "sha512-klzVQfRcC1m0SVDV2Dy9hHfwweO2/mUMUyuXK04FRkKHy5/AdETmk9KTVVVVfpDCSysvHoyQPwiDFq8ddwX3cQ=="
    },
    "@serialport/parser-delimiter": {
      "version": "11.0.1",
      "resolved": "https://registry.npmjs.org/@serialport/parser-delimiter/-/parser-delimiter-11.0.1.tgz",
      "integrity": "sha512-NAsYa3OFt2xEnj/+0BRkQP2qkRNbXBPEq6uFJEdNdzcTSF+BTRXkoIRrWBq3N6koovPqW6lnbxc/iJYe5AX/2Q=="
    },
    "@serialport/parser-inter-byte-timeout": {
      "version": "11.0.1",
      "resolved": "https://registry.npmjs.org/@serialport/parser-inter-byte-timeout/-/parser-inter-byte-timeout-11.0.1.tgz",
      "integrity": "sha512-PEFV9dSpW+ptH1rLhdB9KgE+rbJ/FvQiZz0mx+4jkv/Po4g3PNsEEMXfMW0aQVSFVsmitvmE0jHlhGjLv8GQEg=="
    },
    "@serialport/parser-packet-length": {
      "version": "11.0.1",
      "resolved": "https://registry.npmjs.org/@serialport/parser-packet-length/-/parser-packet-length-11.0.1.tgz",
      "integrity": "sha512-KwPu8dsAI+eN4fnUS1vVmrOpUtBK4p9L9cHhwn5ZmfcvwvZMHp/J+IEu7xH0g5aM1/8QEoaql26BQP+sZ71NQQ=="
    },
    "@serialport/parser-readline": {
      "version": "11.0.1",
      "resolved": "https://registry.npmjs.org/@serialport/parser-readline/-/parser-readline-11.0.1.tgz",
      "integrity": "sha512-wkJ3EI733+yhbi7eBWzs/qn8+cfIBcYQjfrILPNqslAy6VlgdKw+pHoblDFmg78GN0TqGUDSWlTJ65oLEPVp5Q==",
      "requires": {
        "@serialport/parser-delimiter": "11.0.1"
      }
    },
    "@serialport/parser-ready": {
      "version": "11.0.1",
      "resolved": "https://registry.npmjs.org/@serialport/parser-ready/-/parser-ready-11.0.1.tgz",
      "integrity": "sha512-v/bvlgKhrNt+SVLSqlfXCO1HEinfRRMGnzqbpdVCgu2SiWIEenCLjs51JisKVYQoQFcXdP/EHZnzm7NPXHDlAg=="
    },
    "@serialport/parser-regex": {
      "version": "11.0.1",
      "resolved": "https://registry.npmjs.org/@serialport/parser-regex/-/parser-regex-11.0.1.tgz",
      "integrity": "sha512-Lf3k7qibYqZ0+/wX3UA8fRng3WtQ+UyLpjQhG1COs6OBSq5/I5tYXczfhlrbA0gHo1qzgzr2V2t7m6FoBSc81Q=="
    },
    "@serialport/parser-slip-encoder": {
      "version": "11.0.1",
      "resolved": "https://registry.npmjs.org/@serialport/parser-slip-encoder/-/parser-slip-encoder-11.0.1.tgz",
      "integrity": "sha512-l4mXsAGzpmPO7+uqKJqtPDW643irfnGEWbiy34FoYvuOs8n0SmiMtgQZFAtvlTNQCRWE2tykF/WG6K/McJthDw=="
    },
    "@serialport/parser-spacepacket": {
      "version": "11.0.1",
      "resolved": "https://registry.npmjs.org/@serialport/parser-spacepacket/-/parser-spacepacket-11.0.1.tgz",
      "integrity": "sha512-Lq7fXoOsLOMo4XEt9HB31zV5LhrteXlsOy2o6r39TfRwU6x8Nou9jQMA9vW0a6yPra5zwsHIaNrA6tDOGj2Ozg=="
    },
    "@serialport/stream": {
      "version": "11.0.1",
      "resolved": "https://registry.npmjs.org/@serialport/stream/-/stream-11.0.1.tgz",
      "integrity": "sha512-6pjyKRg8MQuvhGfg36+PF7K5eGNQcEswCSiAg1UPilqqFS8X1QnaiSCn5UFp/hCN+pAtlFjkOi0ztvtmSI7n4g==",
      "requires": {
        "@serialport/bindings-interface": "1.2.2",
        "debug": "4.3.4"
      }
    },
    "debug": {
      "version": "4.3.4",
      "resolved": "https://registry.npmjs.org/debug/-/debug-4.3.4.tgz",
      "integrity": "sha512-PRWFHuSU3eDtQJPvnNY7Jcket1j0t5OuOsFzPPzsekD52Zl8qUfFIPEiswXqIvHWGVHOgX+7G/vCNNhehwxfkQ==",
      "requires": {
        "ms": "2.1.2"
      }
    },
    "ms": {
      "version": "2.1.2",
      "resolved": "https://registry.npmjs.org/ms/-/ms-2.1.2.tgz",
      "integrity": "sha512-sGkPx+VjMtmA6MX27oA4FBFELFCZZ4S4XqeGOXCv68tT+jb3vk/RyaKWP0PTKyWtmLSM0b+adUTEvbs1PEaH2w=="
    },
    "node-addon-api": {
      "version": "6.1.0",
      "resolved": "https://registry.npmjs.org/node-addon-api/-/node-addon-api-6.1.0.tgz",
      "integrity": "sha512-+eawOlIgy680F0kBzPUNFhMZGtJ1YmqM6l4+Crf4IkImjYrO/mqPwRMh352g23uIaQKFItcQ64I7KMaJxHgAVA=="
    },
    "node-gyp-build": {
      "version": "4.6.0",
      "resolved": "https://registry.npmjs.org/node-gyp-build/-/node-gyp-build-4.6.0.tgz",
      "integrity": "sha512-NTZVKn9IylLwUzaKjkas1e4u2DLNcV4rdYagA4PWdPwW87Bi7z+BznyKSRwS/761tV/lzCGXplWsiaMjLqP2zQ=="
    },
    "serialport": {
      "version": "11.0.1",
      "resolved": "https://registry.npmjs.org/serialport/-/serialport-11.0.1.tgz",
      "integrity": "sha512-j/ntDuewAkqL6g5wKjwV2RTyLBL9cpob8aRd3yLAViYApTsJoYqRleyuzst0OboNTBjBsoxQ4YKYhuYHi1XViQ==",
      "requires": {
        "@serialport/binding-mock": "10.2.2",
        "@serialport/bindings-cpp": "11.0.3",
        "@serialport/parser-byte-length": "11.0.1",
        "@serialport/parser-cctalk": "11.0.1",
        "@serialport/parser-delimiter": "11.0.1",
        "@serialport/parser-inter-byte-timeout": "11.0.1",
        "@serialport/parser-packet-length": "11.0.1",
        "@serialport/parser-readline": "11.0.1",
        "@serialport/parser-ready": "11.0.1",
        "@serialport/parser-regex": "11.0.1",
        "@serialport/parser-slip-encoder": "11.0.1",
        "@serialport/parser-spacepacket": "11.0.1",
        "@serialport/stream": "11.0.1",
        "debug": "4.3.4"
      }
    }
  }
}
